dependencies:
- name: common
  repository: oci://registry-1.docker.io/cloudpirates
  version: 1.0.0
- name: redis
  repository: oci://registry-1.docker.io/cloudpirates
  version: 0.1.7
digest: sha256:187e51db3df3825fdfaa5dca2003446aff71e7b0412da87f4dcdff5526f99138
generated: "2025-08-29T22:37:24.360736+02:00"
