dependencies:
- name: postgresql
  repository: https://charts.bitnami.com/bitnami
  version: 12.1.9
- name: common
  repository: https://charts.bitnami.com/bitnami
  version: 2.2.2
digest: sha256:4a89f6aaf54247262939221dd55b898232851b3383820bae5ba6e8bd5ea019fa
generated: "2023-01-13T23:37:46.28097+01:00"
