dependencies:
- name: common
  repository: oci://registry-1.docker.io/cloudpirates
  version: 1.0.0
- name: mongodb
  repository: oci://registry-1.docker.io/cloudpirates
  version: 0.1.6
digest: sha256:3c29fa896b8507e36ccca878561fe7b366e29abe3912c5e7f97ec37432d65efd
generated: "2025-08-29T22:59:10.572535+02:00"
