dependencies:
- name: common
  repository: oci://registry-1.docker.io/cloudpirates
  version: 1.0.0
- name: postgres
  repository: oci://registry-1.docker.io/cloudpirates
  version: 0.2.2
digest: sha256:28a74e2f3c66b46e12c5251c8f6f229d71432a5ba33aa0285e7dd0285a070c1b
generated: "2025-08-29T22:44:28.261746+02:00"
